
Microsoft Visual Studio Solution File, Format Version 12.00
# Visual Studio Version 17
VisualStudioVersion = 17.13.35919.96
MinimumVisualStudioVersion = 10.0.40219.1
Project("{2150E333-8FDC-42A3-9474-1A3956D46DE8}") = "Core", "Core", "{02EA681E-C7D8-13C7-8484-4AC65E1B71E8}"
EndProject
Project("{2150E333-8FDC-42A3-9474-1A3956D46DE8}") = "Infrastructure", "Infrastructure", "{6F8FCBA8-CA42-43C9-B8F3-A9584B22E6DC}"
EndProject
Project("{2150E333-8FDC-42A3-9474-1A3956D46DE8}") = "Presentation", "Presentation", "{39442746-6FEC-4F6B-B22E-95125D593966}"
EndProject
Project("{FAE04EC0-301F-11D3-BF4B-00C04F79EFBC}") = "02_ETicaret.Application", "Core\ETicaret.Application\02_ETicaret.Application.csproj", "{091F4BDA-235F-4A81-902C-39761CCC1C66}"
EndProject
Project("{FAE04EC0-301F-11D3-BF4B-00C04F79EFBC}") = "01_ETicaret.Domain", "Core\ETicaret.Domain\01_ETicaret.Domain.csproj", "{72B33C90-CF95-4E55-866A-9604F336276C}"
EndProject
Project("{FAE04EC0-301F-11D3-BF4B-00C04F79EFBC}") = "03_ETicaret.Infrastructure", "Infrastructure\03_ETicaret.Infrastructure\03_ETicaret.Infrastructure.csproj", "{B797BC4A-64A1-4660-8D81-B2DD21E5EB99}"
EndProject
Project("{FAE04EC0-301F-11D3-BF4B-00C04F79EFBC}") = "04_ETicaret.Persistence", "Infrastructure\04_ETicaret.Persistence\04_ETicaret.Persistence.csproj", "{B9C068C3-66AF-4108-B5AA-7C9298C33A3A}"
EndProject
Project("{FAE04EC0-301F-11D3-BF4B-00C04F79EFBC}") = "05_ETicaret.API", "Presentation\05_ETicaret.API\05_ETicaret.API.csproj", "{10C266C0-D32A-4B07-A769-2366770CFABF}"
EndProject
Global
	GlobalSection(SolutionConfigurationPlatforms) = preSolution
		Debug|Any CPU = Debug|Any CPU
		Release|Any CPU = Release|Any CPU
	EndGlobalSection
	GlobalSection(ProjectConfigurationPlatforms) = postSolution
		{091F4BDA-235F-4A81-902C-39761CCC1C66}.Debug|Any CPU.ActiveCfg = Debug|Any CPU
		{091F4BDA-235F-4A81-902C-39761CCC1C66}.Debug|Any CPU.Build.0 = Debug|Any CPU
		{091F4BDA-235F-4A81-902C-39761CCC1C66}.Release|Any CPU.ActiveCfg = Release|Any CPU
		{091F4BDA-235F-4A81-902C-39761CCC1C66}.Release|Any CPU.Build.0 = Release|Any CPU
		{72B33C90-CF95-4E55-866A-9604F336276C}.Debug|Any CPU.ActiveCfg = Debug|Any CPU
		{72B33C90-CF95-4E55-866A-9604F336276C}.Debug|Any CPU.Build.0 = Debug|Any CPU
		{72B33C90-CF95-4E55-866A-9604F336276C}.Release|Any CPU.ActiveCfg = Release|Any CPU
		{72B33C90-CF95-4E55-866A-9604F336276C}.Release|Any CPU.Build.0 = Release|Any CPU
		{B797BC4A-64A1-4660-8D81-B2DD21E5EB99}.Debug|Any CPU.ActiveCfg = Debug|Any CPU
		{B797BC4A-64A1-4660-8D81-B2DD21E5EB99}.Debug|Any CPU.Build.0 = Debug|Any CPU
		{B797BC4A-64A1-4660-8D81-B2DD21E5EB99}.Release|Any CPU.ActiveCfg = Release|Any CPU
		{B797BC4A-64A1-4660-8D81-B2DD21E5EB99}.Release|Any CPU.Build.0 = Release|Any CPU
		{B9C068C3-66AF-4108-B5AA-7C9298C33A3A}.Debug|Any CPU.ActiveCfg = Debug|Any CPU
		{B9C068C3-66AF-4108-B5AA-7C9298C33A3A}.Debug|Any CPU.Build.0 = Debug|Any CPU
		{B9C068C3-66AF-4108-B5AA-7C9298C33A3A}.Release|Any CPU.ActiveCfg = Release|Any CPU
		{B9C068C3-66AF-4108-B5AA-7C9298C33A3A}.Release|Any CPU.Build.0 = Release|Any CPU
		{10C266C0-D32A-4B07-A769-2366770CFABF}.Debug|Any CPU.ActiveCfg = Debug|Any CPU
		{10C266C0-D32A-4B07-A769-2366770CFABF}.Debug|Any CPU.Build.0 = Debug|Any CPU
		{10C266C0-D32A-4B07-A769-2366770CFABF}.Release|Any CPU.ActiveCfg = Release|Any CPU
		{10C266C0-D32A-4B07-A769-2366770CFABF}.Release|Any CPU.Build.0 = Release|Any CPU
	EndGlobalSection
	GlobalSection(SolutionProperties) = preSolution
		HideSolutionNode = FALSE
	EndGlobalSection
	GlobalSection(NestedProjects) = preSolution
		{091F4BDA-235F-4A81-902C-39761CCC1C66} = {02EA681E-C7D8-13C7-8484-4AC65E1B71E8}
		{72B33C90-CF95-4E55-866A-9604F336276C} = {02EA681E-C7D8-13C7-8484-4AC65E1B71E8}
		{B797BC4A-64A1-4660-8D81-B2DD21E5EB99} = {6F8FCBA8-CA42-43C9-B8F3-A9584B22E6DC}
		{B9C068C3-66AF-4108-B5AA-7C9298C33A3A} = {6F8FCBA8-CA42-43C9-B8F3-A9584B22E6DC}
		{10C266C0-D32A-4B07-A769-2366770CFABF} = {39442746-6FEC-4F6B-B22E-95125D593966}
	EndGlobalSection
	GlobalSection(ExtensibilityGlobals) = postSolution
		SolutionGuid = {5730CAE1-B9ED-4539-919A-5FB723F54E8F}
	EndGlobalSection
EndGlobal
